
Microsoft Visual Studio Solution File, Format Version 12.00
# Visual Studio 15
Project("{FAE04EC0-301F-11D3-BF4B-00C04F79EFBC}") = "Assembly-CSharp-firstpass", "Assembly-CSharp-firstpass.csproj", "{478BAB72-FC81-06AC-5812-A0631F66598C}"
EndProject
Project("{FAE04EC0-301F-11D3-BF4B-00C04F79EFBC}") = "Assembly-CSharp", "Assembly-CSharp.csproj", "{C7EA00A3-C343-B8A9-0E00-22D71200A398}"
EndProject
Project("{FAE04EC0-301F-11D3-BF4B-00C04F79EFBC}") = "Assembly-CSharp-Editor-firstpass", "Assembly-CSharp-Editor-firstpass.csproj", "{EB6A5617-522A-7C9C-192C-29EC3155B7A4}"
EndProject
Global
	GlobalSection(SolutionConfigurationPlatforms) = preSolution
		Debug|Any CPU = Debug|Any CPU
		Release|Any CPU = Release|Any CPU
	EndGlobalSection
	GlobalSection(ProjectConfigurationPlatforms) = postSolution
		{478BAB72-FC81-06AC-5812-A0631F66598C}.Debug|Any CPU.ActiveCfg = Debug|Any CPU
		{478BAB72-FC81-06AC-5812-A0631F66598C}.Debug|Any CPU.Build.0 = Debug|Any CPU
		{478BAB72-FC81-06AC-5812-A0631F66598C}.Release|Any CPU.ActiveCfg = Release|Any CPU
		{478BAB72-FC81-06AC-5812-A0631F66598C}.Release|Any CPU.Build.0 = Release|Any CPU
		{C7EA00A3-C343-B8A9-0E00-22D71200A398}.Debug|Any CPU.ActiveCfg = Debug|Any CPU
		{C7EA00A3-C343-B8A9-0E00-22D71200A398}.Debug|Any CPU.Build.0 = Debug|Any CPU
		{C7EA00A3-C343-B8A9-0E00-22D71200A398}.Release|Any CPU.ActiveCfg = Release|Any CPU
		{C7EA00A3-C343-B8A9-0E00-22D71200A398}.Release|Any CPU.Build.0 = Release|Any CPU
		{EB6A5617-522A-7C9C-192C-29EC3155B7A4}.Debug|Any CPU.ActiveCfg = Debug|Any CPU
		{EB6A5617-522A-7C9C-192C-29EC3155B7A4}.Debug|Any CPU.Build.0 = Debug|Any CPU
		{EB6A5617-522A-7C9C-192C-29EC3155B7A4}.Release|Any CPU.ActiveCfg = Release|Any CPU
		{EB6A5617-522A-7C9C-192C-29EC3155B7A4}.Release|Any CPU.Build.0 = Release|Any CPU
	EndGlobalSection
	GlobalSection(SolutionProperties) = preSolution
		HideSolutionNode = FALSE
	EndGlobalSection
EndGlobal
